PODS:
  - OtterScaleiOS (1.17)
  - SwiftyStoreKit (0.16.1)

DEPENDENCIES:
  - OtterScaleiOS (from `../`)
  - SwiftyStoreKit

SPEC REPOS:
  https://github.com/CocoaPods/Specs.git:
    - SwiftyStoreKit

EXTERNAL SOURCES:
  OtterScaleiOS:
    :path: "../"

SPEC CHECKSUMS:
  OtterScaleiOS: ebfe203a01ec56882e660f0be43b959ce8bb65fb
  SwiftyStoreKit: 6b9c08810269f030586dac1fae8e75871a82e84a

PODFILE CHECKSUM: 2ed0ea43989d05ab3eb6415a9d66daae7c9b4c71

COCOAPODS: 1.11.2
