PODS:
  - OtterScaleiOS (1.6)
  - SwiftyStoreKit (0.16.1)

DEPENDENCIES:
  - OtterScaleiOS (from `../`)
  - SwiftyStoreKit

SPEC REPOS:
  https://github.com/CocoaPods/Specs.git:
    - SwiftyStoreKit

EXTERNAL SOURCES:
  OtterScaleiOS:
    :path: "../"

SPEC CHECKSUMS:
  OtterScaleiOS: bd1d7f203a389dd94d3fdec8c88faf1f5bc1b79b
  SwiftyStoreKit: 6b9c08810269f030586dac1fae8e75871a82e84a

PODFILE CHECKSUM: 2ed0ea43989d05ab3eb6415a9d66daae7c9b4c71

COCOAPODS: 1.11.2
