PODS:
  - OtterScaleiOS (1.4)
  - SwiftyStoreKit (0.16.1)

DEPENDENCIES:
  - OtterScaleiOS (from `../`)
  - SwiftyStoreKit

SPEC REPOS:
  https://github.com/CocoaPods/Specs.git:
    - SwiftyStoreKit

EXTERNAL SOURCES:
  OtterScaleiOS:
    :path: "../"

SPEC CHECKSUMS:
  OtterScaleiOS: 5c7d6153df71cc25ccbfc47dea078d7997bbeb70
  SwiftyStoreKit: 6b9c08810269f030586dac1fae8e75871a82e84a

PODFILE CHECKSUM: 2ed0ea43989d05ab3eb6415a9d66daae7c9b4c71

COCOAPODS: 1.11.2
