// !$*UTF8*$!
{
	archiveVersion = 1;
	classes = {
	};
	objectVersion = 55;
	objects = {

/* Begin PBXBuildFile section */
		AEB91DE45DF2FD12DF0195E7 /* Pods_OtterScaleiOSExamples.framework in Frameworks */ = {isa = PBXBuildFile; fileRef = D44D3B1076EA0A88EE77029C /* Pods_OtterScaleiOSExamples.framework */; };
		DE0C896027A95C3A006AC291 /* UInt8+Extensions.swift in Sources */ = {isa = PBXBuildFile; fileRef = DE0C895F27A95C3A006AC291 /* UInt8+Extensions.swift */; };
		DE0C896227A95C4C006AC291 /* ArraySlice_UInt8+Extensions.swift in Sources */ = {isa = PBXBuildFile; fileRef = DE0C896127A95C4C006AC291 /* ArraySlice_UInt8+Extensions.swift */; };
		DE0C896427A95C5D006AC291 /* ISO8601DateFormatter+Extensions.swift in Sources */ = {isa = PBXBuildFile; fileRef = DE0C896327A95C5D006AC291 /* ISO8601DateFormatter+Extensions.swift */; };
		DE0C896727A95CDC006AC291 /* ASN1ObjectIdentifier.swift in Sources */ = {isa = PBXBuildFile; fileRef = DE0C896627A95CDC006AC291 /* ASN1ObjectIdentifier.swift */; };
		DE0C896927A95CEB006AC291 /* ASN1Container.swift in Sources */ = {isa = PBXBuildFile; fileRef = DE0C896827A95CEB006AC291 /* ASN1Container.swift */; };
		DE0C896B27A95D05006AC291 /* InAppPurchase.swift in Sources */ = {isa = PBXBuildFile; fileRef = DE0C896A27A95D05006AC291 /* InAppPurchase.swift */; };
		DE0C896D27A95D21006AC291 /* AppStoreReceipt.swift in Sources */ = {isa = PBXBuildFile; fileRef = DE0C896C27A95D21006AC291 /* AppStoreReceipt.swift */; };
		DE0C897027A95D52006AC291 /* ASN1ObjectIdentifierBuilder.swift in Sources */ = {isa = PBXBuildFile; fileRef = DE0C896F27A95D52006AC291 /* ASN1ObjectIdentifierBuilder.swift */; };
		DE0C897227A95D63006AC291 /* ASN1ContainerBuilder.swift in Sources */ = {isa = PBXBuildFile; fileRef = DE0C897127A95D63006AC291 /* ASN1ContainerBuilder.swift */; };
		DE0C897427A95D78006AC291 /* AppleReceiptBuilder.swift in Sources */ = {isa = PBXBuildFile; fileRef = DE0C897327A95D78006AC291 /* AppleReceiptBuilder.swift */; };
		DE0C897627A95D86006AC291 /* InAppPurchaseBuilder.swift in Sources */ = {isa = PBXBuildFile; fileRef = DE0C897527A95D86006AC291 /* InAppPurchaseBuilder.swift */; };
		DE0C897827A95DB5006AC291 /* ReceiptReadingError.swift in Sources */ = {isa = PBXBuildFile; fileRef = DE0C897727A95DB5006AC291 /* ReceiptReadingError.swift */; };
		DE0C897A27A95DF8006AC291 /* AppStoreReceiptParser.swift in Sources */ = {isa = PBXBuildFile; fileRef = DE0C897927A95DF8006AC291 /* AppStoreReceiptParser.swift */; };
		DE0C897C27A96A78006AC291 /* PaymentDataBuilder.swift in Sources */ = {isa = PBXBuildFile; fileRef = DE0C897B27A96A78006AC291 /* PaymentDataBuilder.swift */; };
		DE1CA9B127F3155700C66DAD /* UsedProducts.swift in Sources */ = {isa = PBXBuildFile; fileRef = DE1CA9B027F3155700C66DAD /* UsedProducts.swift */; };
		DE2B10EC27DF8ABD005280DB /* APIOperationWrapper.swift in Sources */ = {isa = PBXBuildFile; fileRef = DE2B10EB27DF8ABD005280DB /* APIOperationWrapper.swift */; };
		DE5FF61B278C364D0018F7DA /* OtterScaleiOS.h in Headers */ = {isa = PBXBuildFile; fileRef = DE5FF61A278C364D0018F7DA /* OtterScaleiOS.h */; settings = {ATTRIBUTES = (Public, ); }; };
		DE5FF628278C36910018F7DA /* AppDelegate.swift in Sources */ = {isa = PBXBuildFile; fileRef = DE5FF627278C36910018F7DA /* AppDelegate.swift */; };
		DE5FF62C278C36910018F7DA /* ViewController.swift in Sources */ = {isa = PBXBuildFile; fileRef = DE5FF62B278C36910018F7DA /* ViewController.swift */; };
		DE5FF631278C36930018F7DA /* Assets.xcassets in Resources */ = {isa = PBXBuildFile; fileRef = DE5FF630278C36930018F7DA /* Assets.xcassets */; };
		DE5FF634278C36930018F7DA /* LaunchScreen.storyboard in Resources */ = {isa = PBXBuildFile; fileRef = DE5FF632278C36930018F7DA /* LaunchScreen.storyboard */; };
		DE5FF63B278C38850018F7DA /* OtterScale.swift in Sources */ = {isa = PBXBuildFile; fileRef = DE5FF63A278C38850018F7DA /* OtterScale.swift */; };
		DE93790727C5F8230073F27C /* UserUpdater.swift in Sources */ = {isa = PBXBuildFile; fileRef = DE93790627C5F8230073F27C /* UserUpdater.swift */; };
		DEBA4049278D9248007A76EB /* NetworkSession.swift in Sources */ = {isa = PBXBuildFile; fileRef = DEBA4048278D9248007A76EB /* NetworkSession.swift */; };
		DEBA404B278D9674007A76EB /* EndPoint.swift in Sources */ = {isa = PBXBuildFile; fileRef = DEBA404A278D9674007A76EB /* EndPoint.swift */; };
		DEBA404E278D96EF007A76EB /* APIEnvironment.swift in Sources */ = {isa = PBXBuildFile; fileRef = DEBA404D278D96EF007A76EB /* APIEnvironment.swift */; };
		DEBA4050278D9855007A76EB /* HTTPMethod.swift in Sources */ = {isa = PBXBuildFile; fileRef = DEBA404F278D9855007A76EB /* HTTPMethod.swift */; };
		DEBA4052278D98C6007A76EB /* URLRequest+EndPoint.swift in Sources */ = {isa = PBXBuildFile; fileRef = DEBA4051278D98C6007A76EB /* URLRequest+EndPoint.swift */; };
		DEBA4054278DB391007A76EB /* APIOperation.swift in Sources */ = {isa = PBXBuildFile; fileRef = DEBA4053278DB391007A76EB /* APIOperation.swift */; };
		DEBA4056278DB8E2007A76EB /* RequestDispatcher.swift in Sources */ = {isa = PBXBuildFile; fileRef = DEBA4055278DB8E2007A76EB /* RequestDispatcher.swift */; };
		DECE90CB279807C4009F9E74 /* Weak.swift in Sources */ = {isa = PBXBuildFile; fileRef = DECE90CA279807C4009F9E74 /* Weak.swift */; };
		DECE90CD279807E2009F9E74 /* IAPMediator.swift in Sources */ = {isa = PBXBuildFile; fileRef = DECE90CC279807E2009F9E74 /* IAPMediator.swift */; };
		DECE90D027980978009F9E74 /* OtterScaleReceiptValidationDelegate.swift in Sources */ = {isa = PBXBuildFile; fileRef = DECE90CF27980978009F9E74 /* OtterScaleReceiptValidationDelegate.swift */; };
		DEE192E12791549900658DD9 /* AnonymousIDStorage.swift in Sources */ = {isa = PBXBuildFile; fileRef = DEE192E02791549900658DD9 /* AnonymousIDStorage.swift */; };
		DEE192E3279157C900658DD9 /* Storage.swift in Sources */ = {isa = PBXBuildFile; fileRef = DEE192E2279157C900658DD9 /* Storage.swift */; };
		DEE192E8279160CE00658DD9 /* PaymentData.swift in Sources */ = {isa = PBXBuildFile; fileRef = DEE192E7279160CE00658DD9 /* PaymentData.swift */; };
		DEE192EA2791704500658DD9 /* NumberLaunches.swift in Sources */ = {isa = PBXBuildFile; fileRef = DEE192E92791704500658DD9 /* NumberLaunches.swift */; };
		DEE192F52791A4D700658DD9 /* ADServiceToken.swift in Sources */ = {isa = PBXBuildFile; fileRef = DEE192F42791A4D700658DD9 /* ADServiceToken.swift */; };
		DEE192F82791A55A00658DD9 /* SendADServiceTokenRequest.swift in Sources */ = {isa = PBXBuildFile; fileRef = DEE192F72791A55A00658DD9 /* SendADServiceTokenRequest.swift */; };
		DEE192FA2791A60400658DD9 /* AnalyticsManager.swift in Sources */ = {isa = PBXBuildFile; fileRef = DEE192F92791A60400658DD9 /* AnalyticsManager.swift */; };
		DEE192FD2791B6DB00658DD9 /* IAPManager.swift in Sources */ = {isa = PBXBuildFile; fileRef = DEE192FC2791B6DB00658DD9 /* IAPManager.swift */; };
		DEE193022792B09D00658DD9 /* AppStoreReceiptRefreshRequest.swift in Sources */ = {isa = PBXBuildFile; fileRef = DEE193012792B09D00658DD9 /* AppStoreReceiptRefreshRequest.swift */; };
		DEE193042792B45200658DD9 /* AppStoreReceiptFetcher.swift in Sources */ = {isa = PBXBuildFile; fileRef = DEE193032792B45200658DD9 /* AppStoreReceiptFetcher.swift */; };
		DEE193062792B54A00658DD9 /* AppStoreReceiptSource.swift in Sources */ = {isa = PBXBuildFile; fileRef = DEE193052792B54A00658DD9 /* AppStoreReceiptSource.swift */; };
		DEE193082792C35900658DD9 /* IAPValidateAppStoreReceipt.swift in Sources */ = {isa = PBXBuildFile; fileRef = DEE193072792C35900658DD9 /* IAPValidateAppStoreReceipt.swift */; };
		DEE1930C2792C50C00658DD9 /* ValidateAppStoreReceiptRequest.swift in Sources */ = {isa = PBXBuildFile; fileRef = DEE1930B2792C50C00658DD9 /* ValidateAppStoreReceiptRequest.swift */; };
		DEE1930E2792C79400658DD9 /* AppStoreValidateResult.swift in Sources */ = {isa = PBXBuildFile; fileRef = DEE1930D2792C79400658DD9 /* AppStoreValidateResult.swift */; };
		DEE193102792C7D600658DD9 /* ValidateAppStoreReceiptResponse.swift in Sources */ = {isa = PBXBuildFile; fileRef = DEE1930F2792C7D600658DD9 /* ValidateAppStoreReceiptResponse.swift */; };
		DEE1932727946FC600658DD9 /* ObtainAppStoreValidateResultRequest.swift in Sources */ = {isa = PBXBuildFile; fileRef = DEE1932627946FC600658DD9 /* ObtainAppStoreValidateResultRequest.swift */; };
		DEE1932B2794772100658DD9 /* UserSetRequest.swift in Sources */ = {isa = PBXBuildFile; fileRef = DEE1932A2794772100658DD9 /* UserSetRequest.swift */; };
		DEE1932D2794939F00658DD9 /* UserManager.swift in Sources */ = {isa = PBXBuildFile; fileRef = DEE1932C2794939F00658DD9 /* UserManager.swift */; };
		DEE19332279494BF00658DD9 /* UserSetResponse.swift in Sources */ = {isa = PBXBuildFile; fileRef = DEE19331279494BF00658DD9 /* UserSetResponse.swift */; };
		DEE193362794994F00658DD9 /* OtterScaleInteractor.swift in Sources */ = {isa = PBXBuildFile; fileRef = DEE193352794994F00658DD9 /* OtterScaleInteractor.swift */; };
		DEE1933C27954B6F00658DD9 /* RegisterInstallRequest.swift in Sources */ = {isa = PBXBuildFile; fileRef = DEE1933B27954B6F00658DD9 /* RegisterInstallRequest.swift */; };
		DEE1933E27954C9900658DD9 /* InfoHelper.swift in Sources */ = {isa = PBXBuildFile; fileRef = DEE1933D27954C9900658DD9 /* InfoHelper.swift */; };
		DEE19340279591A600658DD9 /* StoreKit.framework in Frameworks */ = {isa = PBXBuildFile; fileRef = DEE1933F279591A600658DD9 /* StoreKit.framework */; };
		DEE19343279594D200658DD9 /* MainView.swift in Sources */ = {isa = PBXBuildFile; fileRef = DEE19342279594D200658DD9 /* MainView.swift */; };
		DEE193452796936800658DD9 /* IAPTransactionObserver.swift in Sources */ = {isa = PBXBuildFile; fileRef = DEE193442796936800658DD9 /* IAPTransactionObserver.swift */; };
		DEE19348279697B300658DD9 /* IAPTransactionHandler.swift in Sources */ = {isa = PBXBuildFile; fileRef = DEE19347279697B300658DD9 /* IAPTransactionHandler.swift */; };
		DEE1934A27969FCB00658DD9 /* IAPPaymentsObserver.swift in Sources */ = {isa = PBXBuildFile; fileRef = DEE1934927969FCB00658DD9 /* IAPPaymentsObserver.swift */; };
		DEE193522796CC7A00658DD9 /* IAPProductsRequest.swift in Sources */ = {isa = PBXBuildFile; fileRef = DEE193512796CC7A00658DD9 /* IAPProductsRequest.swift */; };
		DEE193542796CC8C00658DD9 /* IAPProduct.swift in Sources */ = {isa = PBXBuildFile; fileRef = DEE193532796CC8C00658DD9 /* IAPProduct.swift */; };
		DEE193582796D51200658DD9 /* IAPPaymentTransaction.swift in Sources */ = {isa = PBXBuildFile; fileRef = DEE193572796D51200658DD9 /* IAPPaymentTransaction.swift */; };
		DEE1935A2796FD4600658DD9 /* IAPPrice.swift in Sources */ = {isa = PBXBuildFile; fileRef = DEE193592796FD4600658DD9 /* IAPPrice.swift */; };
/* End PBXBuildFile section */

/* Begin PBXFileReference section */
		7923AC1185C57625610C4F26 /* Pods-OtterScaleiOSExamples.debug.xcconfig */ = {isa = PBXFileReference; includeInIndex = 1; lastKnownFileType = text.xcconfig; name = "Pods-OtterScaleiOSExamples.debug.xcconfig"; path = "../../../../../../Users/akonst17/Documents/OtterScaleiOS/OtterScaleiOSExamples/Pods/Target Support Files/Pods-OtterScaleiOSExamples/Pods-OtterScaleiOSExamples.debug.xcconfig"; sourceTree = "<group>"; };
		A41E9ACEFA5E2AE63F8669E6 /* Pods-OtterScaleiOSExamples.release.xcconfig */ = {isa = PBXFileReference; includeInIndex = 1; lastKnownFileType = text.xcconfig; name = "Pods-OtterScaleiOSExamples.release.xcconfig"; path = "../../../../../../Users/akonst17/Documents/OtterScaleiOS/OtterScaleiOSExamples/Pods/Target Support Files/Pods-OtterScaleiOSExamples/Pods-OtterScaleiOSExamples.release.xcconfig"; sourceTree = "<group>"; };
		D44D3B1076EA0A88EE77029C /* Pods_OtterScaleiOSExamples.framework */ = {isa = PBXFileReference; explicitFileType = wrapper.framework; includeInIndex = 0; path = Pods_OtterScaleiOSExamples.framework; sourceTree = BUILT_PRODUCTS_DIR; };
		DE0C895F27A95C3A006AC291 /* UInt8+Extensions.swift */ = {isa = PBXFileReference; lastKnownFileType = sourcecode.swift; path = "UInt8+Extensions.swift"; sourceTree = "<group>"; };
		DE0C896127A95C4C006AC291 /* ArraySlice_UInt8+Extensions.swift */ = {isa = PBXFileReference; lastKnownFileType = sourcecode.swift; path = "ArraySlice_UInt8+Extensions.swift"; sourceTree = "<group>"; };
		DE0C896327A95C5D006AC291 /* ISO8601DateFormatter+Extensions.swift */ = {isa = PBXFileReference; lastKnownFileType = sourcecode.swift; path = "ISO8601DateFormatter+Extensions.swift"; sourceTree = "<group>"; };
		DE0C896627A95CDC006AC291 /* ASN1ObjectIdentifier.swift */ = {isa = PBXFileReference; lastKnownFileType = sourcecode.swift; path = ASN1ObjectIdentifier.swift; sourceTree = "<group>"; };
		DE0C896827A95CEB006AC291 /* ASN1Container.swift */ = {isa = PBXFileReference; lastKnownFileType = sourcecode.swift; path = ASN1Container.swift; sourceTree = "<group>"; };
		DE0C896A27A95D05006AC291 /* InAppPurchase.swift */ = {isa = PBXFileReference; lastKnownFileType = sourcecode.swift; path = InAppPurchase.swift; sourceTree = "<group>"; };
		DE0C896C27A95D21006AC291 /* AppStoreReceipt.swift */ = {isa = PBXFileReference; lastKnownFileType = sourcecode.swift; path = AppStoreReceipt.swift; sourceTree = "<group>"; };
		DE0C896F27A95D52006AC291 /* ASN1ObjectIdentifierBuilder.swift */ = {isa = PBXFileReference; lastKnownFileType = sourcecode.swift; path = ASN1ObjectIdentifierBuilder.swift; sourceTree = "<group>"; };
		DE0C897127A95D63006AC291 /* ASN1ContainerBuilder.swift */ = {isa = PBXFileReference; lastKnownFileType = sourcecode.swift; path = ASN1ContainerBuilder.swift; sourceTree = "<group>"; };
		DE0C897327A95D78006AC291 /* AppleReceiptBuilder.swift */ = {isa = PBXFileReference; lastKnownFileType = sourcecode.swift; path = AppleReceiptBuilder.swift; sourceTree = "<group>"; };
		DE0C897527A95D86006AC291 /* InAppPurchaseBuilder.swift */ = {isa = PBXFileReference; lastKnownFileType = sourcecode.swift; path = InAppPurchaseBuilder.swift; sourceTree = "<group>"; };
		DE0C897727A95DB5006AC291 /* ReceiptReadingError.swift */ = {isa = PBXFileReference; lastKnownFileType = sourcecode.swift; path = ReceiptReadingError.swift; sourceTree = "<group>"; };
		DE0C897927A95DF8006AC291 /* AppStoreReceiptParser.swift */ = {isa = PBXFileReference; lastKnownFileType = sourcecode.swift; path = AppStoreReceiptParser.swift; sourceTree = "<group>"; };
		DE0C897B27A96A78006AC291 /* PaymentDataBuilder.swift */ = {isa = PBXFileReference; lastKnownFileType = sourcecode.swift; path = PaymentDataBuilder.swift; sourceTree = "<group>"; };
		DE1CA9B027F3155700C66DAD /* UsedProducts.swift */ = {isa = PBXFileReference; lastKnownFileType = sourcecode.swift; path = UsedProducts.swift; sourceTree = "<group>"; };
		DE2B10EB27DF8ABD005280DB /* APIOperationWrapper.swift */ = {isa = PBXFileReference; lastKnownFileType = sourcecode.swift; path = APIOperationWrapper.swift; sourceTree = "<group>"; };
		DE5FF617278C364D0018F7DA /* OtterScaleiOS.framework */ = {isa = PBXFileReference; explicitFileType = wrapper.framework; includeInIndex = 0; path = OtterScaleiOS.framework; sourceTree = BUILT_PRODUCTS_DIR; };
		DE5FF61A278C364D0018F7DA /* OtterScaleiOS.h */ = {isa = PBXFileReference; lastKnownFileType = sourcecode.c.h; path = OtterScaleiOS.h; sourceTree = "<group>"; };
		DE5FF625278C36910018F7DA /* OtterScaleiOSExamples.app */ = {isa = PBXFileReference; explicitFileType = wrapper.application; includeInIndex = 0; path = OtterScaleiOSExamples.app; sourceTree = BUILT_PRODUCTS_DIR; };
		DE5FF627278C36910018F7DA /* AppDelegate.swift */ = {isa = PBXFileReference; lastKnownFileType = sourcecode.swift; path = AppDelegate.swift; sourceTree = "<group>"; };
		DE5FF62B278C36910018F7DA /* ViewController.swift */ = {isa = PBXFileReference; lastKnownFileType = sourcecode.swift; path = ViewController.swift; sourceTree = "<group>"; };
		DE5FF630278C36930018F7DA /* Assets.xcassets */ = {isa = PBXFileReference; lastKnownFileType = folder.assetcatalog; path = Assets.xcassets; sourceTree = "<group>"; };
		DE5FF633278C36930018F7DA /* Base */ = {isa = PBXFileReference; lastKnownFileType = file.storyboard; name = Base; path = Base.lproj/LaunchScreen.storyboard; sourceTree = "<group>"; };
		DE5FF635278C36930018F7DA /* Info.plist */ = {isa = PBXFileReference; lastKnownFileType = text.plist.xml; path = Info.plist; sourceTree = "<group>"; };
		DE5FF63A278C38850018F7DA /* OtterScale.swift */ = {isa = PBXFileReference; lastKnownFileType = sourcecode.swift; path = OtterScale.swift; sourceTree = "<group>"; };
		DE93790627C5F8230073F27C /* UserUpdater.swift */ = {isa = PBXFileReference; lastKnownFileType = sourcecode.swift; path = UserUpdater.swift; sourceTree = "<group>"; };
		DEBA4048278D9248007A76EB /* NetworkSession.swift */ = {isa = PBXFileReference; lastKnownFileType = sourcecode.swift; path = NetworkSession.swift; sourceTree = "<group>"; };
		DEBA404A278D9674007A76EB /* EndPoint.swift */ = {isa = PBXFileReference; lastKnownFileType = sourcecode.swift; path = EndPoint.swift; sourceTree = "<group>"; };
		DEBA404D278D96EF007A76EB /* APIEnvironment.swift */ = {isa = PBXFileReference; lastKnownFileType = sourcecode.swift; path = APIEnvironment.swift; sourceTree = "<group>"; };
		DEBA404F278D9855007A76EB /* HTTPMethod.swift */ = {isa = PBXFileReference; lastKnownFileType = sourcecode.swift; path = HTTPMethod.swift; sourceTree = "<group>"; };
		DEBA4051278D98C6007A76EB /* URLRequest+EndPoint.swift */ = {isa = PBXFileReference; lastKnownFileType = sourcecode.swift; path = "URLRequest+EndPoint.swift"; sourceTree = "<group>"; };
		DEBA4053278DB391007A76EB /* APIOperation.swift */ = {isa = PBXFileReference; lastKnownFileType = sourcecode.swift; path = APIOperation.swift; sourceTree = "<group>"; };
		DEBA4055278DB8E2007A76EB /* RequestDispatcher.swift */ = {isa = PBXFileReference; lastKnownFileType = sourcecode.swift; path = RequestDispatcher.swift; sourceTree = "<group>"; };
		DECE90CA279807C4009F9E74 /* Weak.swift */ = {isa = PBXFileReference; lastKnownFileType = sourcecode.swift; name = Weak.swift; path = ../../../../../Users/akonst17/Documents/OtterScaleiOS/OtterScaleiOS/Weak.swift; sourceTree = "<group>"; };
		DECE90CC279807E2009F9E74 /* IAPMediator.swift */ = {isa = PBXFileReference; lastKnownFileType = sourcecode.swift; name = IAPMediator.swift; path = ../../../../../../Users/akonst17/Documents/OtterScaleiOS/OtterScaleiOS/IAP/IAPMediator.swift; sourceTree = "<group>"; };
		DECE90CF27980978009F9E74 /* OtterScaleReceiptValidationDelegate.swift */ = {isa = PBXFileReference; lastKnownFileType = sourcecode.swift; path = OtterScaleReceiptValidationDelegate.swift; sourceTree = "<group>"; };
		DEE192E02791549900658DD9 /* AnonymousIDStorage.swift */ = {isa = PBXFileReference; lastKnownFileType = sourcecode.swift; path = AnonymousIDStorage.swift; sourceTree = "<group>"; };
		DEE192E2279157C900658DD9 /* Storage.swift */ = {isa = PBXFileReference; lastKnownFileType = sourcecode.swift; path = Storage.swift; sourceTree = "<group>"; };
		DEE192E7279160CE00658DD9 /* PaymentData.swift */ = {isa = PBXFileReference; lastKnownFileType = sourcecode.swift; path = PaymentData.swift; sourceTree = "<group>"; };
		DEE192E92791704500658DD9 /* NumberLaunches.swift */ = {isa = PBXFileReference; lastKnownFileType = sourcecode.swift; path = NumberLaunches.swift; sourceTree = "<group>"; };
		DEE192F42791A4D700658DD9 /* ADServiceToken.swift */ = {isa = PBXFileReference; lastKnownFileType = sourcecode.swift; path = ADServiceToken.swift; sourceTree = "<group>"; };
		DEE192F72791A55A00658DD9 /* SendADServiceTokenRequest.swift */ = {isa = PBXFileReference; lastKnownFileType = sourcecode.swift; path = SendADServiceTokenRequest.swift; sourceTree = "<group>"; };
		DEE192F92791A60400658DD9 /* AnalyticsManager.swift */ = {isa = PBXFileReference; lastKnownFileType = sourcecode.swift; path = AnalyticsManager.swift; sourceTree = "<group>"; };
		DEE192FC2791B6DB00658DD9 /* IAPManager.swift */ = {isa = PBXFileReference; lastKnownFileType = sourcecode.swift; path = IAPManager.swift; sourceTree = "<group>"; };
		DEE193012792B09D00658DD9 /* AppStoreReceiptRefreshRequest.swift */ = {isa = PBXFileReference; lastKnownFileType = sourcecode.swift; path = AppStoreReceiptRefreshRequest.swift; sourceTree = "<group>"; };
		DEE193032792B45200658DD9 /* AppStoreReceiptFetcher.swift */ = {isa = PBXFileReference; lastKnownFileType = sourcecode.swift; path = AppStoreReceiptFetcher.swift; sourceTree = "<group>"; };
		DEE193052792B54A00658DD9 /* AppStoreReceiptSource.swift */ = {isa = PBXFileReference; lastKnownFileType = sourcecode.swift; path = AppStoreReceiptSource.swift; sourceTree = "<group>"; };
		DEE193072792C35900658DD9 /* IAPValidateAppStoreReceipt.swift */ = {isa = PBXFileReference; lastKnownFileType = sourcecode.swift; path = IAPValidateAppStoreReceipt.swift; sourceTree = "<group>"; };
		DEE1930B2792C50C00658DD9 /* ValidateAppStoreReceiptRequest.swift */ = {isa = PBXFileReference; lastKnownFileType = sourcecode.swift; path = ValidateAppStoreReceiptRequest.swift; sourceTree = "<group>"; };
		DEE1930D2792C79400658DD9 /* AppStoreValidateResult.swift */ = {isa = PBXFileReference; lastKnownFileType = sourcecode.swift; path = AppStoreValidateResult.swift; sourceTree = "<group>"; };
		DEE1930F2792C7D600658DD9 /* ValidateAppStoreReceiptResponse.swift */ = {isa = PBXFileReference; lastKnownFileType = sourcecode.swift; path = ValidateAppStoreReceiptResponse.swift; sourceTree = "<group>"; };
		DEE1932627946FC600658DD9 /* ObtainAppStoreValidateResultRequest.swift */ = {isa = PBXFileReference; lastKnownFileType = sourcecode.swift; path = ObtainAppStoreValidateResultRequest.swift; sourceTree = "<group>"; };
		DEE1932A2794772100658DD9 /* UserSetRequest.swift */ = {isa = PBXFileReference; lastKnownFileType = sourcecode.swift; path = UserSetRequest.swift; sourceTree = "<group>"; };
		DEE1932C2794939F00658DD9 /* UserManager.swift */ = {isa = PBXFileReference; lastKnownFileType = sourcecode.swift; path = UserManager.swift; sourceTree = "<group>"; };
		DEE19331279494BF00658DD9 /* UserSetResponse.swift */ = {isa = PBXFileReference; lastKnownFileType = sourcecode.swift; path = UserSetResponse.swift; sourceTree = "<group>"; };
		DEE193352794994F00658DD9 /* OtterScaleInteractor.swift */ = {isa = PBXFileReference; lastKnownFileType = sourcecode.swift; path = OtterScaleInteractor.swift; sourceTree = "<group>"; };
		DEE1933B27954B6F00658DD9 /* RegisterInstallRequest.swift */ = {isa = PBXFileReference; lastKnownFileType = sourcecode.swift; path = RegisterInstallRequest.swift; sourceTree = "<group>"; };
		DEE1933D27954C9900658DD9 /* InfoHelper.swift */ = {isa = PBXFileReference; lastKnownFileType = sourcecode.swift; path = InfoHelper.swift; sourceTree = "<group>"; };
		DEE1933F279591A600658DD9 /* StoreKit.framework */ = {isa = PBXFileReference; lastKnownFileType = wrapper.framework; name = StoreKit.framework; path = System/Library/Frameworks/StoreKit.framework; sourceTree = SDKROOT; };
		DEE19342279594D200658DD9 /* MainView.swift */ = {isa = PBXFileReference; lastKnownFileType = sourcecode.swift; name = MainView.swift; path = ../../../../../../Users/akonst17/Documents/OtterScaleiOS/OtterScaleiOSExamples/Views/MainView.swift; sourceTree = "<group>"; };
		DEE193442796936800658DD9 /* IAPTransactionObserver.swift */ = {isa = PBXFileReference; lastKnownFileType = sourcecode.swift; path = IAPTransactionObserver.swift; sourceTree = "<group>"; };
		DEE19347279697B300658DD9 /* IAPTransactionHandler.swift */ = {isa = PBXFileReference; lastKnownFileType = sourcecode.swift; path = IAPTransactionHandler.swift; sourceTree = "<group>"; };
		DEE1934927969FCB00658DD9 /* IAPPaymentsObserver.swift */ = {isa = PBXFileReference; lastKnownFileType = sourcecode.swift; path = IAPPaymentsObserver.swift; sourceTree = "<group>"; };
		DEE193512796CC7A00658DD9 /* IAPProductsRequest.swift */ = {isa = PBXFileReference; lastKnownFileType = sourcecode.swift; path = IAPProductsRequest.swift; sourceTree = "<group>"; };
		DEE193532796CC8C00658DD9 /* IAPProduct.swift */ = {isa = PBXFileReference; lastKnownFileType = sourcecode.swift; path = IAPProduct.swift; sourceTree = "<group>"; };
		DEE193572796D51200658DD9 /* IAPPaymentTransaction.swift */ = {isa = PBXFileReference; lastKnownFileType = sourcecode.swift; path = IAPPaymentTransaction.swift; sourceTree = "<group>"; };
		DEE193592796FD4600658DD9 /* IAPPrice.swift */ = {isa = PBXFileReference; lastKnownFileType = sourcecode.swift; path = IAPPrice.swift; sourceTree = "<group>"; };
/* End PBXFileReference section */

/* Begin PBXFrameworksBuildPhase section */
		DE5FF614278C364D0018F7DA /* Frameworks */ = {
			isa = PBXFrameworksBuildPhase;
			buildActionMask = 2147483647;
			files = (
			);
			runOnlyForDeploymentPostprocessing = 0;
		};
		DE5FF622278C36910018F7DA /* Frameworks */ = {
			isa = PBXFrameworksBuildPhase;
			buildActionMask = 2147483647;
			files = (
				AEB91DE45DF2FD12DF0195E7 /* Pods_OtterScaleiOSExamples.framework in Frameworks */,
				DEE19340279591A600658DD9 /* StoreKit.framework in Frameworks */,
			);
			runOnlyForDeploymentPostprocessing = 0;
		};
/* End PBXFrameworksBuildPhase section */

/* Begin PBXGroup section */
		0479B4B34A251593D6DBAA25 /* Frameworks */ = {
			isa = PBXGroup;
			children = (
				DEE1933F279591A600658DD9 /* StoreKit.framework */,
				D44D3B1076EA0A88EE77029C /* Pods_OtterScaleiOSExamples.framework */,
			);
			name = Frameworks;
			sourceTree = "<group>";
		};
		6621776FD47C4CC320A75B46 /* Pods */ = {
			isa = PBXGroup;
			children = (
				7923AC1185C57625610C4F26 /* Pods-OtterScaleiOSExamples.debug.xcconfig */,
				A41E9ACEFA5E2AE63F8669E6 /* Pods-OtterScaleiOSExamples.release.xcconfig */,
			);
			name = Pods;
			path = OtterScaleiOSExamples/Pods;
			sourceTree = "<group>";
		};
		DE0C895D27A95C1D006AC291 /* ReceiptLocalParse */ = {
			isa = PBXGroup;
			children = (
				DE0C896E27A95D3D006AC291 /* Builders */,
				DE0C896527A95CCF006AC291 /* Model */,
				DE0C895E27A95C2E006AC291 /* Utils */,
				DE0C897927A95DF8006AC291 /* AppStoreReceiptParser.swift */,
			);
			path = ReceiptLocalParse;
			sourceTree = "<group>";
		};
		DE0C895E27A95C2E006AC291 /* Utils */ = {
			isa = PBXGroup;
			children = (
				DE0C895F27A95C3A006AC291 /* UInt8+Extensions.swift */,
				DE0C896127A95C4C006AC291 /* ArraySlice_UInt8+Extensions.swift */,
				DE0C896327A95C5D006AC291 /* ISO8601DateFormatter+Extensions.swift */,
			);
			path = Utils;
			sourceTree = "<group>";
		};
		DE0C896527A95CCF006AC291 /* Model */ = {
			isa = PBXGroup;
			children = (
				DE0C896627A95CDC006AC291 /* ASN1ObjectIdentifier.swift */,
				DE0C896827A95CEB006AC291 /* ASN1Container.swift */,
				DE0C896A27A95D05006AC291 /* InAppPurchase.swift */,
				DE0C896C27A95D21006AC291 /* AppStoreReceipt.swift */,
				DE0C897727A95DB5006AC291 /* ReceiptReadingError.swift */,
			);
			path = Model;
			sourceTree = "<group>";
		};
		DE0C896E27A95D3D006AC291 /* Builders */ = {
			isa = PBXGroup;
			children = (
				DE0C896F27A95D52006AC291 /* ASN1ObjectIdentifierBuilder.swift */,
				DE0C897127A95D63006AC291 /* ASN1ContainerBuilder.swift */,
				DE0C897327A95D78006AC291 /* AppleReceiptBuilder.swift */,
				DE0C897527A95D86006AC291 /* InAppPurchaseBuilder.swift */,
			);
			path = Builders;
			sourceTree = "<group>";
		};
		DE5FF60D278C364C0018F7DA = {
			isa = PBXGroup;
			children = (
				DE5FF619278C364D0018F7DA /* OtterScaleiOS */,
				DE5FF626278C36910018F7DA /* OtterScaleiOSExamples */,
				DE5FF618278C364D0018F7DA /* Products */,
				6621776FD47C4CC320A75B46 /* Pods */,
				0479B4B34A251593D6DBAA25 /* Frameworks */,
			);
			sourceTree = "<group>";
		};
		DE5FF618278C364D0018F7DA /* Products */ = {
			isa = PBXGroup;
			children = (
				DE5FF617278C364D0018F7DA /* OtterScaleiOS.framework */,
				DE5FF625278C36910018F7DA /* OtterScaleiOSExamples.app */,
			);
			name = Products;
			sourceTree = "<group>";
		};
		DE5FF619278C364D0018F7DA /* OtterScaleiOS */ = {
			isa = PBXGroup;
			children = (
				DEE193282794770F00658DD9 /* User */,
				DEE192FB2791B6CF00658DD9 /* IAP */,
				DEE192F32791A4CB00658DD9 /* Analytics */,
				DEE192E4279158A800658DD9 /* Storage */,
				DE9B5BE0278D4C4B002EBAC3 /* NetworkLayer */,
				DE5FF61A278C364D0018F7DA /* OtterScaleiOS.h */,
				DE5FF63A278C38850018F7DA /* OtterScale.swift */,
				DEE193352794994F00658DD9 /* OtterScaleInteractor.swift */,
				DEE192E92791704500658DD9 /* NumberLaunches.swift */,
				DEE1933D27954C9900658DD9 /* InfoHelper.swift */,
				DECE90CA279807C4009F9E74 /* Weak.swift */,
			);
			path = OtterScaleiOS;
			sourceTree = "<group>";
		};
		DE5FF626278C36910018F7DA /* OtterScaleiOSExamples */ = {
			isa = PBXGroup;
			children = (
				DEE19341279594B300658DD9 /* Views */,
				DE5FF627278C36910018F7DA /* AppDelegate.swift */,
				DE5FF62B278C36910018F7DA /* ViewController.swift */,
				DE5FF630278C36930018F7DA /* Assets.xcassets */,
				DE5FF632278C36930018F7DA /* LaunchScreen.storyboard */,
				DE5FF635278C36930018F7DA /* Info.plist */,
			);
			path = OtterScaleiOSExamples;
			sourceTree = "<group>";
		};
		DE9B5BE0278D4C4B002EBAC3 /* NetworkLayer */ = {
			isa = PBXGroup;
			children = (
				DEBA404D278D96EF007A76EB /* APIEnvironment.swift */,
				DEBA404F278D9855007A76EB /* HTTPMethod.swift */,
				DEBA404A278D9674007A76EB /* EndPoint.swift */,
				DEBA4051278D98C6007A76EB /* URLRequest+EndPoint.swift */,
				DEBA4048278D9248007A76EB /* NetworkSession.swift */,
				DEBA4053278DB391007A76EB /* APIOperation.swift */,
				DEBA4055278DB8E2007A76EB /* RequestDispatcher.swift */,
				DE2B10EB27DF8ABD005280DB /* APIOperationWrapper.swift */,
			);
			path = NetworkLayer;
			sourceTree = "<group>";
		};
		DECE90CE27980965009F9E74 /* Public */ = {
			isa = PBXGroup;
			children = (
				DECE90CF27980978009F9E74 /* OtterScaleReceiptValidationDelegate.swift */,
			);
			path = Public;
			sourceTree = "<group>";
		};
		DEE192E4279158A800658DD9 /* Storage */ = {
			isa = PBXGroup;
			children = (
				DEE192E2279157C900658DD9 /* Storage.swift */,
				DEE192E02791549900658DD9 /* AnonymousIDStorage.swift */,
			);
			path = Storage;
			sourceTree = "<group>";
		};
		DEE192E6279160C300658DD9 /* Model */ = {
			isa = PBXGroup;
			children = (
				DEE192E7279160CE00658DD9 /* PaymentData.swift */,
				DEE1930D2792C79400658DD9 /* AppStoreValidateResult.swift */,
				DEE193532796CC8C00658DD9 /* IAPProduct.swift */,
				DEE193572796D51200658DD9 /* IAPPaymentTransaction.swift */,
				DEE193592796FD4600658DD9 /* IAPPrice.swift */,
				DE1CA9B027F3155700C66DAD /* UsedProducts.swift */,
			);
			path = Model;
			sourceTree = "<group>";
		};
		DEE192F32791A4CB00658DD9 /* Analytics */ = {
			isa = PBXGroup;
			children = (
				DEE192F62791A54900658DD9 /* Request */,
				DEE192F42791A4D700658DD9 /* ADServiceToken.swift */,
				DEE192F92791A60400658DD9 /* AnalyticsManager.swift */,
			);
			path = Analytics;
			sourceTree = "<group>";
		};
		DEE192F62791A54900658DD9 /* Request */ = {
			isa = PBXGroup;
			children = (
				DEE192F72791A55A00658DD9 /* SendADServiceTokenRequest.swift */,
				DEE1933B27954B6F00658DD9 /* RegisterInstallRequest.swift */,
			);
			path = Request;
			sourceTree = "<group>";
		};
		DEE192FB2791B6CF00658DD9 /* IAP */ = {
			isa = PBXGroup;
			children = (
				DECE90CE27980965009F9E74 /* Public */,
				DEE19346279695C200658DD9 /* TransactionObserver */,
				DEE192E6279160C300658DD9 /* Model */,
				DEE193092792C4F800658DD9 /* Request */,
				DEE193002792B04F00658DD9 /* AppStoreReceipt */,
				DEE192FC2791B6DB00658DD9 /* IAPManager.swift */,
				DEE193072792C35900658DD9 /* IAPValidateAppStoreReceipt.swift */,
				DEE193512796CC7A00658DD9 /* IAPProductsRequest.swift */,
				DECE90CC279807E2009F9E74 /* IAPMediator.swift */,
				DE0C897B27A96A78006AC291 /* PaymentDataBuilder.swift */,
			);
			path = IAP;
			sourceTree = "<group>";
		};
		DEE193002792B04F00658DD9 /* AppStoreReceipt */ = {
			isa = PBXGroup;
			children = (
				DE0C895D27A95C1D006AC291 /* ReceiptLocalParse */,
				DEE193012792B09D00658DD9 /* AppStoreReceiptRefreshRequest.swift */,
				DEE193052792B54A00658DD9 /* AppStoreReceiptSource.swift */,
				DEE193032792B45200658DD9 /* AppStoreReceiptFetcher.swift */,
			);
			path = AppStoreReceipt;
			sourceTree = "<group>";
		};
		DEE193092792C4F800658DD9 /* Request */ = {
			isa = PBXGroup;
			children = (
				DEE1930A2792C4FD00658DD9 /* ValidateAppStoreReceipt */,
				DEE1932627946FC600658DD9 /* ObtainAppStoreValidateResultRequest.swift */,
			);
			path = Request;
			sourceTree = "<group>";
		};
		DEE1930A2792C4FD00658DD9 /* ValidateAppStoreReceipt */ = {
			isa = PBXGroup;
			children = (
				DEE1930B2792C50C00658DD9 /* ValidateAppStoreReceiptRequest.swift */,
				DEE1930F2792C7D600658DD9 /* ValidateAppStoreReceiptResponse.swift */,
			);
			path = ValidateAppStoreReceipt;
			sourceTree = "<group>";
		};
		DEE193282794770F00658DD9 /* User */ = {
			isa = PBXGroup;
			children = (
				DEE193292794771400658DD9 /* Request */,
				DEE1932C2794939F00658DD9 /* UserManager.swift */,
				DE93790627C5F8230073F27C /* UserUpdater.swift */,
			);
			path = User;
			sourceTree = "<group>";
		};
		DEE193292794771400658DD9 /* Request */ = {
			isa = PBXGroup;
			children = (
				DEE1932E279494A200658DD9 /* UserSetRequest */,
			);
			path = Request;
			sourceTree = "<group>";
		};
		DEE1932E279494A200658DD9 /* UserSetRequest */ = {
			isa = PBXGroup;
			children = (
				DEE1932A2794772100658DD9 /* UserSetRequest.swift */,
				DEE19331279494BF00658DD9 /* UserSetResponse.swift */,
			);
			path = UserSetRequest;
			sourceTree = "<group>";
		};
		DEE19341279594B300658DD9 /* Views */ = {
			isa = PBXGroup;
			children = (
				DEE19342279594D200658DD9 /* MainView.swift */,
			);
			path = Views;
			sourceTree = "<group>";
		};
		DEE19346279695C200658DD9 /* TransactionObserver */ = {
			isa = PBXGroup;
			children = (
				DEE193442796936800658DD9 /* IAPTransactionObserver.swift */,
				DEE19347279697B300658DD9 /* IAPTransactionHandler.swift */,
				DEE1934927969FCB00658DD9 /* IAPPaymentsObserver.swift */,
			);
			path = TransactionObserver;
			sourceTree = "<group>";
		};
/* End PBXGroup section */

/* Begin PBXHeadersBuildPhase section */
		DE5FF612278C364D0018F7DA /* Headers */ = {
			isa = PBXHeadersBuildPhase;
			buildActionMask = 2147483647;
			files = (
				DE5FF61B278C364D0018F7DA /* OtterScaleiOS.h in Headers */,
			);
			runOnlyForDeploymentPostprocessing = 0;
		};
/* End PBXHeadersBuildPhase section */

/* Begin PBXNativeTarget section */
		DE5FF616278C364D0018F7DA /* OtterScaleiOS */ = {
			isa = PBXNativeTarget;
			buildConfigurationList = DE5FF61E278C364D0018F7DA /* Build configuration list for PBXNativeTarget "OtterScaleiOS" */;
			buildPhases = (
				DE5FF612278C364D0018F7DA /* Headers */,
				DE5FF613278C364D0018F7DA /* Sources */,
				DE5FF614278C364D0018F7DA /* Frameworks */,
				DE5FF615278C364D0018F7DA /* Resources */,
			);
			buildRules = (
			);
			dependencies = (
			);
			name = OtterScaleiOS;
			productName = OtterScaleiOS;
			productReference = DE5FF617278C364D0018F7DA /* OtterScaleiOS.framework */;
			productType = "com.apple.product-type.framework";
		};
		DE5FF624278C36910018F7DA /* OtterScaleiOSExamples */ = {
			isa = PBXNativeTarget;
			buildConfigurationList = DE5FF636278C36930018F7DA /* Build configuration list for PBXNativeTarget "OtterScaleiOSExamples" */;
			buildPhases = (
				F41C0B9849750C1FC5792067 /* [CP] Check Pods Manifest.lock */,
				DE5FF621278C36910018F7DA /* Sources */,
				DE5FF622278C36910018F7DA /* Frameworks */,
				DE5FF623278C36910018F7DA /* Resources */,
				64933E2CD8ABD0681F18F17B /* [CP] Embed Pods Frameworks */,
			);
			buildRules = (
			);
			dependencies = (
			);
			name = OtterScaleiOSExamples;
			productName = OtterScaleiOSExamples;
			productReference = DE5FF625278C36910018F7DA /* OtterScaleiOSExamples.app */;
			productType = "com.apple.product-type.application";
		};
/* End PBXNativeTarget section */

/* Begin PBXProject section */
		DE5FF60E278C364C0018F7DA /* Project object */ = {
			isa = PBXProject;
			attributes = {
				BuildIndependentTargetsInParallel = 1;
				LastSwiftUpdateCheck = 1320;
				LastUpgradeCheck = 1320;
				TargetAttributes = {
					DE5FF616278C364D0018F7DA = {
						CreatedOnToolsVersion = 13.2;
						LastSwiftMigration = 1320;
					};
					DE5FF624278C36910018F7DA = {
						CreatedOnToolsVersion = 13.2;
					};
				};
			};
			buildConfigurationList = DE5FF611278C364C0018F7DA /* Build configuration list for PBXProject "OtterScaleiOS" */;
			compatibilityVersion = "Xcode 13.0";
			developmentRegion = en;
			hasScannedForEncodings = 0;
			knownRegions = (
				en,
				Base,
			);
			mainGroup = DE5FF60D278C364C0018F7DA;
			productRefGroup = DE5FF618278C364D0018F7DA /* Products */;
			projectDirPath = "";
			projectRoot = "";
			targets = (
				DE5FF616278C364D0018F7DA /* OtterScaleiOS */,
				DE5FF624278C36910018F7DA /* OtterScaleiOSExamples */,
			);
		};
/* End PBXProject section */

/* Begin PBXResourcesBuildPhase section */
		DE5FF615278C364D0018F7DA /* Resources */ = {
			isa = PBXResourcesBuildPhase;
			buildActionMask = 2147483647;
			files = (
			);
			runOnlyForDeploymentPostprocessing = 0;
		};
		DE5FF623278C36910018F7DA /* Resources */ = {
			isa = PBXResourcesBuildPhase;
			buildActionMask = 2147483647;
			files = (
				DE5FF634278C36930018F7DA /* LaunchScreen.storyboard in Resources */,
				DE5FF631278C36930018F7DA /* Assets.xcassets in Resources */,
			);
			runOnlyForDeploymentPostprocessing = 0;
		};
/* End PBXResourcesBuildPhase section */

/* Begin PBXShellScriptBuildPhase section */
		64933E2CD8ABD0681F18F17B /* [CP] Embed Pods Frameworks */ = {
			isa = PBXShellScriptBuildPhase;
			buildActionMask = 2147483647;
			files = (
			);
			inputFileListPaths = (
				"${PODS_ROOT}/Target Support Files/Pods-OtterScaleiOSExamples/Pods-OtterScaleiOSExamples-frameworks-${CONFIGURATION}-input-files.xcfilelist",
			);
			name = "[CP] Embed Pods Frameworks";
			outputFileListPaths = (
				"${PODS_ROOT}/Target Support Files/Pods-OtterScaleiOSExamples/Pods-OtterScaleiOSExamples-frameworks-${CONFIGURATION}-output-files.xcfilelist",
			);
			runOnlyForDeploymentPostprocessing = 0;
			shellPath = /bin/sh;
			shellScript = "\"${PODS_ROOT}/Target Support Files/Pods-OtterScaleiOSExamples/Pods-OtterScaleiOSExamples-frameworks.sh\"\n";
			showEnvVarsInLog = 0;
		};
		F41C0B9849750C1FC5792067 /* [CP] Check Pods Manifest.lock */ = {
			isa = PBXShellScriptBuildPhase;
			buildActionMask = 2147483647;
			files = (
			);
			inputFileListPaths = (
			);
			inputPaths = (
				"${PODS_PODFILE_DIR_PATH}/Podfile.lock",
				"${PODS_ROOT}/Manifest.lock",
			);
			name = "[CP] Check Pods Manifest.lock";
			outputFileListPaths = (
			);
			outputPaths = (
				"$(DERIVED_FILE_DIR)/Pods-OtterScaleiOSExamples-checkManifestLockResult.txt",
			);
			runOnlyForDeploymentPostprocessing = 0;
			shellPath = /bin/sh;
			shellScript = "diff \"${PODS_PODFILE_DIR_PATH}/Podfile.lock\" \"${PODS_ROOT}/Manifest.lock\" > /dev/null\nif [ $? != 0 ] ; then\n    # print error to STDERR\n    echo \"error: The sandbox is not in sync with the Podfile.lock. Run 'pod install' or update your CocoaPods installation.\" >&2\n    exit 1\nfi\n# This output is used by Xcode 'outputs' to avoid re-running this script phase.\necho \"SUCCESS\" > \"${SCRIPT_OUTPUT_FILE_0}\"\n";
			showEnvVarsInLog = 0;
		};
/* End PBXShellScriptBuildPhase section */

/* Begin PBXSourcesBuildPhase section */
		DE5FF613278C364D0018F7DA /* Sources */ = {
			isa = PBXSourcesBuildPhase;
			buildActionMask = 2147483647;
			files = (
				DEE192FD2791B6DB00658DD9 /* IAPManager.swift in Sources */,
				DE0C896B27A95D05006AC291 /* InAppPurchase.swift in Sources */,
				DEE1932B2794772100658DD9 /* UserSetRequest.swift in Sources */,
				DEBA4052278D98C6007A76EB /* URLRequest+EndPoint.swift in Sources */,
				DEE193102792C7D600658DD9 /* ValidateAppStoreReceiptResponse.swift in Sources */,
				DE0C897A27A95DF8006AC291 /* AppStoreReceiptParser.swift in Sources */,
				DECE90D027980978009F9E74 /* OtterScaleReceiptValidationDelegate.swift in Sources */,
				DEE193082792C35900658DD9 /* IAPValidateAppStoreReceipt.swift in Sources */,
				DEE192E12791549900658DD9 /* AnonymousIDStorage.swift in Sources */,
				DEE193522796CC7A00658DD9 /* IAPProductsRequest.swift in Sources */,
				DEE1930C2792C50C00658DD9 /* ValidateAppStoreReceiptRequest.swift in Sources */,
				DEE1935A2796FD4600658DD9 /* IAPPrice.swift in Sources */,
				DEE192FA2791A60400658DD9 /* AnalyticsManager.swift in Sources */,
				DE0C896D27A95D21006AC291 /* AppStoreReceipt.swift in Sources */,
				DEBA4054278DB391007A76EB /* APIOperation.swift in Sources */,
				DE0C896927A95CEB006AC291 /* ASN1Container.swift in Sources */,
				DEE192EA2791704500658DD9 /* NumberLaunches.swift in Sources */,
				DE0C897627A95D86006AC291 /* InAppPurchaseBuilder.swift in Sources */,
				DEE193022792B09D00658DD9 /* AppStoreReceiptRefreshRequest.swift in Sources */,
				DE0C896727A95CDC006AC291 /* ASN1ObjectIdentifier.swift in Sources */,
				DEE193542796CC8C00658DD9 /* IAPProduct.swift in Sources */,
				DEBA4056278DB8E2007A76EB /* RequestDispatcher.swift in Sources */,
				DE0C896427A95C5D006AC291 /* ISO8601DateFormatter+Extensions.swift in Sources */,
				DEBA4049278D9248007A76EB /* NetworkSession.swift in Sources */,
				DE1CA9B127F3155700C66DAD /* UsedProducts.swift in Sources */,
				DE2B10EC27DF8ABD005280DB /* APIOperationWrapper.swift in Sources */,
				DEE193062792B54A00658DD9 /* AppStoreReceiptSource.swift in Sources */,
				DEE193362794994F00658DD9 /* OtterScaleInteractor.swift in Sources */,
				DEE193452796936800658DD9 /* IAPTransactionObserver.swift in Sources */,
				DEBA404B278D9674007A76EB /* EndPoint.swift in Sources */,
				DECE90CD279807E2009F9E74 /* IAPMediator.swift in Sources */,
				DEE192E8279160CE00658DD9 /* PaymentData.swift in Sources */,
				DECE90CB279807C4009F9E74 /* Weak.swift in Sources */,
				DEE1932D2794939F00658DD9 /* UserManager.swift in Sources */,
				DE0C897227A95D63006AC291 /* ASN1ContainerBuilder.swift in Sources */,
				DEE1932727946FC600658DD9 /* ObtainAppStoreValidateResultRequest.swift in Sources */,
				DEE193582796D51200658DD9 /* IAPPaymentTransaction.swift in Sources */,
				DE0C897027A95D52006AC291 /* ASN1ObjectIdentifierBuilder.swift in Sources */,
				DEE19348279697B300658DD9 /* IAPTransactionHandler.swift in Sources */,
				DEE192F82791A55A00658DD9 /* SendADServiceTokenRequest.swift in Sources */,
				DEBA4050278D9855007A76EB /* HTTPMethod.swift in Sources */,
				DE0C897427A95D78006AC291 /* AppleReceiptBuilder.swift in Sources */,
				DEE1933E27954C9900658DD9 /* InfoHelper.swift in Sources */,
				DEBA404E278D96EF007A76EB /* APIEnvironment.swift in Sources */,
				DEE193042792B45200658DD9 /* AppStoreReceiptFetcher.swift in Sources */,
				DEE1930E2792C79400658DD9 /* AppStoreValidateResult.swift in Sources */,
				DE5FF63B278C38850018F7DA /* OtterScale.swift in Sources */,
				DE0C897827A95DB5006AC291 /* ReceiptReadingError.swift in Sources */,
				DE93790727C5F8230073F27C /* UserUpdater.swift in Sources */,
				DEE1934A27969FCB00658DD9 /* IAPPaymentsObserver.swift in Sources */,
				DEE192F52791A4D700658DD9 /* ADServiceToken.swift in Sources */,
				DEE19332279494BF00658DD9 /* UserSetResponse.swift in Sources */,
				DE0C896027A95C3A006AC291 /* UInt8+Extensions.swift in Sources */,
				DE0C897C27A96A78006AC291 /* PaymentDataBuilder.swift in Sources */,
				DEE192E3279157C900658DD9 /* Storage.swift in Sources */,
				DEE1933C27954B6F00658DD9 /* RegisterInstallRequest.swift in Sources */,
				DE0C896227A95C4C006AC291 /* ArraySlice_UInt8+Extensions.swift in Sources */,
			);
			runOnlyForDeploymentPostprocessing = 0;
		};
		DE5FF621278C36910018F7DA /* Sources */ = {
			isa = PBXSourcesBuildPhase;
			buildActionMask = 2147483647;
			files = (
				DE5FF62C278C36910018F7DA /* ViewController.swift in Sources */,
				DEE19343279594D200658DD9 /* MainView.swift in Sources */,
				DE5FF628278C36910018F7DA /* AppDelegate.swift in Sources */,
			);
			runOnlyForDeploymentPostprocessing = 0;
		};
/* End PBXSourcesBuildPhase section */

/* Begin PBXVariantGroup section */
		DE5FF632278C36930018F7DA /* LaunchScreen.storyboard */ = {
			isa = PBXVariantGroup;
			children = (
				DE5FF633278C36930018F7DA /* Base */,
			);
			name = LaunchScreen.storyboard;
			sourceTree = "<group>";
		};
/* End PBXVariantGroup section */

/* Begin XCBuildConfiguration section */
		DE5FF61C278C364D0018F7DA /* Debug */ = {
			isa = XCBuildConfiguration;
			buildSettings = {
				ALWAYS_SEARCH_USER_PATHS = NO;
				CLANG_ANALYZER_NONNULL = YES;
				CLANG_ANALYZER_NUMBER_OBJECT_CONVERSION = YES_AGGRESSIVE;
				CLANG_CXX_LANGUAGE_STANDARD = "gnu++17";
				CLANG_CXX_LIBRARY = "libc++";
				CLANG_ENABLE_MODULES = YES;
				CLANG_ENABLE_OBJC_ARC = YES;
				CLANG_ENABLE_OBJC_WEAK = YES;
				CLANG_WARN_BLOCK_CAPTURE_AUTORELEASING = YES;
				CLANG_WARN_BOOL_CONVERSION = YES;
				CLANG_WARN_COMMA = YES;
				CLANG_WARN_CONSTANT_CONVERSION = YES;
				CLANG_WARN_DEPRECATED_OBJC_IMPLEMENTATIONS = YES;
				CLANG_WARN_DIRECT_OBJC_ISA_USAGE = YES_ERROR;
				CLANG_WARN_DOCUMENTATION_COMMENTS = YES;
				CLANG_WARN_EMPTY_BODY = YES;
				CLANG_WARN_ENUM_CONVERSION = YES;
				CLANG_WARN_INFINITE_RECURSION = YES;
				CLANG_WARN_INT_CONVERSION = YES;
				CLANG_WARN_NON_LITERAL_NULL_CONVERSION = YES;
				CLANG_WARN_OBJC_IMPLICIT_RETAIN_SELF = YES;
				CLANG_WARN_OBJC_LITERAL_CONVERSION = YES;
				CLANG_WARN_OBJC_ROOT_CLASS = YES_ERROR;
				CLANG_WARN_QUOTED_INCLUDE_IN_FRAMEWORK_HEADER = YES;
				CLANG_WARN_RANGE_LOOP_ANALYSIS = YES;
				CLANG_WARN_STRICT_PROTOTYPES = YES;
				CLANG_WARN_SUSPICIOUS_MOVE = YES;
				CLANG_WARN_UNGUARDED_AVAILABILITY = YES_AGGRESSIVE;
				CLANG_WARN_UNREACHABLE_CODE = YES;
				CLANG_WARN__DUPLICATE_METHOD_MATCH = YES;
				COPY_PHASE_STRIP = NO;
				CURRENT_PROJECT_VERSION = 1;
				DEBUG_INFORMATION_FORMAT = dwarf;
				ENABLE_STRICT_OBJC_MSGSEND = YES;
				ENABLE_TESTABILITY = YES;
				GCC_C_LANGUAGE_STANDARD = gnu11;
				GCC_DYNAMIC_NO_PIC = NO;
				GCC_NO_COMMON_BLOCKS = YES;
				GCC_OPTIMIZATION_LEVEL = 0;
				GCC_PREPROCESSOR_DEFINITIONS = (
					"DEBUG=1",
					"$(inherited)",
				);
				GCC_WARN_64_TO_32_BIT_CONVERSION = YES;
				GCC_WARN_ABOUT_RETURN_TYPE = YES_ERROR;
				GCC_WARN_UNDECLARED_SELECTOR = YES;
				GCC_WARN_UNINITIALIZED_AUTOS = YES_AGGRESSIVE;
				GCC_WARN_UNUSED_FUNCTION = YES;
				GCC_WARN_UNUSED_VARIABLE = YES;
				IPHONEOS_DEPLOYMENT_TARGET = 15.2;
				MTL_ENABLE_DEBUG_INFO = INCLUDE_SOURCE;
				MTL_FAST_MATH = YES;
				ONLY_ACTIVE_ARCH = YES;
				SDKROOT = iphoneos;
				SWIFT_ACTIVE_COMPILATION_CONDITIONS = DEBUG;
				SWIFT_OPTIMIZATION_LEVEL = "-Onone";
				VERSIONING_SYSTEM = "apple-generic";
				VERSION_INFO_PREFIX = "";
			};
			name = Debug;
		};
		DE5FF61D278C364D0018F7DA /* Release */ = {
			isa = XCBuildConfiguration;
			buildSettings = {
				ALWAYS_SEARCH_USER_PATHS = NO;
				CLANG_ANALYZER_NONNULL = YES;
				CLANG_ANALYZER_NUMBER_OBJECT_CONVERSION = YES_AGGRESSIVE;
				CLANG_CXX_LANGUAGE_STANDARD = "gnu++17";
				CLANG_CXX_LIBRARY = "libc++";
				CLANG_ENABLE_MODULES = YES;
				CLANG_ENABLE_OBJC_ARC = YES;
				CLANG_ENABLE_OBJC_WEAK = YES;
				CLANG_WARN_BLOCK_CAPTURE_AUTORELEASING = YES;
				CLANG_WARN_BOOL_CONVERSION = YES;
				CLANG_WARN_COMMA = YES;
				CLANG_WARN_CONSTANT_CONVERSION = YES;
				CLANG_WARN_DEPRECATED_OBJC_IMPLEMENTATIONS = YES;
				CLANG_WARN_DIRECT_OBJC_ISA_USAGE = YES_ERROR;
				CLANG_WARN_DOCUMENTATION_COMMENTS = YES;
				CLANG_WARN_EMPTY_BODY = YES;
				CLANG_WARN_ENUM_CONVERSION = YES;
				CLANG_WARN_INFINITE_RECURSION = YES;
				CLANG_WARN_INT_CONVERSION = YES;
				CLANG_WARN_NON_LITERAL_NULL_CONVERSION = YES;
				CLANG_WARN_OBJC_IMPLICIT_RETAIN_SELF = YES;
				CLANG_WARN_OBJC_LITERAL_CONVERSION = YES;
				CLANG_WARN_OBJC_ROOT_CLASS = YES_ERROR;
				CLANG_WARN_QUOTED_INCLUDE_IN_FRAMEWORK_HEADER = YES;
				CLANG_WARN_RANGE_LOOP_ANALYSIS = YES;
				CLANG_WARN_STRICT_PROTOTYPES = YES;
				CLANG_WARN_SUSPICIOUS_MOVE = YES;
				CLANG_WARN_UNGUARDED_AVAILABILITY = YES_AGGRESSIVE;
				CLANG_WARN_UNREACHABLE_CODE = YES;
				CLANG_WARN__DUPLICATE_METHOD_MATCH = YES;
				COPY_PHASE_STRIP = NO;
				CURRENT_PROJECT_VERSION = 1;
				DEBUG_INFORMATION_FORMAT = "dwarf-with-dsym";
				ENABLE_NS_ASSERTIONS = NO;
				ENABLE_STRICT_OBJC_MSGSEND = YES;
				GCC_C_LANGUAGE_STANDARD = gnu11;
				GCC_NO_COMMON_BLOCKS = YES;
				GCC_WARN_64_TO_32_BIT_CONVERSION = YES;
				GCC_WARN_ABOUT_RETURN_TYPE = YES_ERROR;
				GCC_WARN_UNDECLARED_SELECTOR = YES;
				GCC_WARN_UNINITIALIZED_AUTOS = YES_AGGRESSIVE;
				GCC_WARN_UNUSED_FUNCTION = YES;
				GCC_WARN_UNUSED_VARIABLE = YES;
				IPHONEOS_DEPLOYMENT_TARGET = 15.2;
				MTL_ENABLE_DEBUG_INFO = NO;
				MTL_FAST_MATH = YES;
				SDKROOT = iphoneos;
				SWIFT_COMPILATION_MODE = wholemodule;
				SWIFT_OPTIMIZATION_LEVEL = "-O";
				VALIDATE_PRODUCT = YES;
				VERSIONING_SYSTEM = "apple-generic";
				VERSION_INFO_PREFIX = "";
			};
			name = Release;
		};
		DE5FF61F278C364D0018F7DA /* Debug */ = {
			isa = XCBuildConfiguration;
			buildSettings = {
				CLANG_ENABLE_MODULES = YES;
				CODE_SIGN_STYLE = Automatic;
				CURRENT_PROJECT_VERSION = 1;
				DEFINES_MODULE = YES;
				DEVELOPMENT_TEAM = M73NH26C3Q;
				DYLIB_COMPATIBILITY_VERSION = 1;
				DYLIB_CURRENT_VERSION = 1;
				DYLIB_INSTALL_NAME_BASE = "@rpath";
				GENERATE_INFOPLIST_FILE = YES;
				INFOPLIST_KEY_NSHumanReadableCopyright = "";
				INSTALL_PATH = "$(LOCAL_LIBRARY_DIR)/Frameworks";
				IPHONEOS_DEPLOYMENT_TARGET = 15.0;
				LD_RUNPATH_SEARCH_PATHS = (
					"$(inherited)",
					"@executable_path/Frameworks",
					"@loader_path/Frameworks",
				);
				MARKETING_VERSION = 1.19;
				PRODUCT_BUNDLE_IDENTIFIER = wed.OtterScaleiOS;
				PRODUCT_NAME = "$(TARGET_NAME:c99extidentifier)";
				SKIP_INSTALL = YES;
				SUPPORTS_MACCATALYST = NO;
				SWIFT_EMIT_LOC_STRINGS = YES;
				SWIFT_OPTIMIZATION_LEVEL = "-Onone";
				SWIFT_VERSION = 5.0;
				TARGETED_DEVICE_FAMILY = "1,2";
			};
			name = Debug;
		};
		DE5FF620278C364D0018F7DA /* Release */ = {
			isa = XCBuildConfiguration;
			buildSettings = {
				CLANG_ENABLE_MODULES = YES;
				CODE_SIGN_STYLE = Automatic;
				CURRENT_PROJECT_VERSION = 1;
				DEFINES_MODULE = YES;
				DEVELOPMENT_TEAM = M73NH26C3Q;
				DYLIB_COMPATIBILITY_VERSION = 1;
				DYLIB_CURRENT_VERSION = 1;
				DYLIB_INSTALL_NAME_BASE = "@rpath";
				GENERATE_INFOPLIST_FILE = YES;
				INFOPLIST_KEY_NSHumanReadableCopyright = "";
				INSTALL_PATH = "$(LOCAL_LIBRARY_DIR)/Frameworks";
				IPHONEOS_DEPLOYMENT_TARGET = 15.0;
				LD_RUNPATH_SEARCH_PATHS = (
					"$(inherited)",
					"@executable_path/Frameworks",
					"@loader_path/Frameworks",
				);
				MARKETING_VERSION = 1.19;
				PRODUCT_BUNDLE_IDENTIFIER = wed.OtterScaleiOS;
				PRODUCT_NAME = "$(TARGET_NAME:c99extidentifier)";
				SKIP_INSTALL = YES;
				SUPPORTS_MACCATALYST = NO;
				SWIFT_EMIT_LOC_STRINGS = YES;
				SWIFT_VERSION = 5.0;
				TARGETED_DEVICE_FAMILY = "1,2";
			};
			name = Release;
		};
		DE5FF637278C36930018F7DA /* Debug */ = {
			isa = XCBuildConfiguration;
			baseConfigurationReference = 7923AC1185C57625610C4F26 /* Pods-OtterScaleiOSExamples.debug.xcconfig */;
			buildSettings = {
				ASSETCATALOG_COMPILER_APPICON_NAME = AppIcon;
				ASSETCATALOG_COMPILER_GLOBAL_ACCENT_COLOR_NAME = AccentColor;
				CODE_SIGN_IDENTITY = "iPhone Developer";
				CODE_SIGN_STYLE = Manual;
				DEVELOPMENT_TEAM = 2W4U9UWRKZ;
				GENERATE_INFOPLIST_FILE = YES;
				INFOPLIST_FILE = OtterScaleiOSExamples/Info.plist;
				INFOPLIST_KEY_UIApplicationSupportsIndirectInputEvents = YES;
				INFOPLIST_KEY_UILaunchStoryboardName = LaunchScreen;
				INFOPLIST_KEY_UISupportedInterfaceOrientations_iPad = "UIInterfaceOrientationPortrait UIInterfaceOrientationPortraitUpsideDown UIInterfaceOrientationLandscapeLeft UIInterfaceOrientationLandscapeRight";
				INFOPLIST_KEY_UISupportedInterfaceOrientations_iPhone = "UIInterfaceOrientationPortrait UIInterfaceOrientationLandscapeLeft UIInterfaceOrientationLandscapeRight";
				IPHONEOS_DEPLOYMENT_TARGET = 15.0;
				LD_RUNPATH_SEARCH_PATHS = (
					"$(inherited)",
					"@executable_path/Frameworks",
				);
				MARKETING_VERSION = 1.2;
				PRODUCT_BUNDLE_IDENTIFIER = exam.nursing;
				PRODUCT_NAME = "$(TARGET_NAME)";
				PROVISIONING_PROFILE_SPECIFIER = "Nursing Development";
				SWIFT_EMIT_LOC_STRINGS = YES;
				SWIFT_VERSION = 5.0;
				TARGETED_DEVICE_FAMILY = "1,2";
			};
			name = Debug;
		};
		DE5FF638278C36930018F7DA /* Release */ = {
			isa = XCBuildConfiguration;
			baseConfigurationReference = A41E9ACEFA5E2AE63F8669E6 /* Pods-OtterScaleiOSExamples.release.xcconfig */;
			buildSettings = {
				ASSETCATALOG_COMPILER_APPICON_NAME = AppIcon;
				ASSETCATALOG_COMPILER_GLOBAL_ACCENT_COLOR_NAME = AccentColor;
				CODE_SIGN_IDENTITY = "iPhone Developer";
				CODE_SIGN_STYLE = Manual;
				DEVELOPMENT_TEAM = 2W4U9UWRKZ;
				GENERATE_INFOPLIST_FILE = YES;
				INFOPLIST_FILE = OtterScaleiOSExamples/Info.plist;
				INFOPLIST_KEY_UIApplicationSupportsIndirectInputEvents = YES;
				INFOPLIST_KEY_UILaunchStoryboardName = LaunchScreen;
				INFOPLIST_KEY_UISupportedInterfaceOrientations_iPad = "UIInterfaceOrientationPortrait UIInterfaceOrientationPortraitUpsideDown UIInterfaceOrientationLandscapeLeft UIInterfaceOrientationLandscapeRight";
				INFOPLIST_KEY_UISupportedInterfaceOrientations_iPhone = "UIInterfaceOrientationPortrait UIInterfaceOrientationLandscapeLeft UIInterfaceOrientationLandscapeRight";
				IPHONEOS_DEPLOYMENT_TARGET = 15.0;
				LD_RUNPATH_SEARCH_PATHS = (
					"$(inherited)",
					"@executable_path/Frameworks",
				);
				MARKETING_VERSION = 1.2;
				PRODUCT_BUNDLE_IDENTIFIER = exam.nursing;
				PRODUCT_NAME = "$(TARGET_NAME)";
				PROVISIONING_PROFILE_SPECIFIER = "Nursing Development";
				SWIFT_EMIT_LOC_STRINGS = YES;
				SWIFT_VERSION = 5.0;
				TARGETED_DEVICE_FAMILY = "1,2";
			};
			name = Release;
		};
/* End XCBuildConfiguration section */

/* Begin XCConfigurationList section */
		DE5FF611278C364C0018F7DA /* Build configuration list for PBXProject "OtterScaleiOS" */ = {
			isa = XCConfigurationList;
			buildConfigurations = (
				DE5FF61C278C364D0018F7DA /* Debug */,
				DE5FF61D278C364D0018F7DA /* Release */,
			);
			defaultConfigurationIsVisible = 0;
			defaultConfigurationName = Release;
		};
		DE5FF61E278C364D0018F7DA /* Build configuration list for PBXNativeTarget "OtterScaleiOS" */ = {
			isa = XCConfigurationList;
			buildConfigurations = (
				DE5FF61F278C364D0018F7DA /* Debug */,
				DE5FF620278C364D0018F7DA /* Release */,
			);
			defaultConfigurationIsVisible = 0;
			defaultConfigurationName = Release;
		};
		DE5FF636278C36930018F7DA /* Build configuration list for PBXNativeTarget "OtterScaleiOSExamples" */ = {
			isa = XCConfigurationList;
			buildConfigurations = (
				DE5FF637278C36930018F7DA /* Debug */,
				DE5FF638278C36930018F7DA /* Release */,
			);
			defaultConfigurationIsVisible = 0;
			defaultConfigurationName = Release;
		};
/* End XCConfigurationList section */
	};
	rootObject = DE5FF60E278C364C0018F7DA /* Project object */;
}
